
Microsoft Visual Studio Solution File, Format Version 12.00
# Visual Studio 2013
VisualStudioVersion = 12.0.40302.0
MinimumVisualStudioVersion = 10.0.40219.1
Project("{FAE04EC0-301F-11D3-BF4B-00C04F79EFBC}") = "CodeTitans.ZipLib", "src\CodeTitans.ZipLib.csproj", "{5114A068-1CBD-4DAE-B4FD-6E8C9A504F33}"
EndProject
Project("{FAE04EC0-301F-11D3-BF4B-00C04F79EFBC}") = "UnitTests", "tests\UnitTests.csproj", "{257699AE-7544-4404-9A5F-BE330537CBE4}"
EndProject
Global
	GlobalSection(SolutionConfigurationPlatforms) = preSolution
		Debug|Any CPU = Debug|Any CPU
		Release|Any CPU = Release|Any CPU
	EndGlobalSection
	GlobalSection(ProjectConfigurationPlatforms) = postSolution
		{5114A068-1CBD-4DAE-B4FD-6E8C9A504F33}.Debug|Any CPU.ActiveCfg = Debug|Any CPU
		{5114A068-1CBD-4DAE-B4FD-6E8C9A504F33}.Debug|Any CPU.Build.0 = Debug|Any CPU
		{5114A068-1CBD-4DAE-B4FD-6E8C9A504F33}.Release|Any CPU.ActiveCfg = Release|Any CPU
		{5114A068-1CBD-4DAE-B4FD-6E8C9A504F33}.Release|Any CPU.Build.0 = Release|Any CPU
		{257699AE-7544-4404-9A5F-BE330537CBE4}.Debug|Any CPU.ActiveCfg = Debug|Any CPU
		{257699AE-7544-4404-9A5F-BE330537CBE4}.Debug|Any CPU.Build.0 = Debug|Any CPU
		{257699AE-7544-4404-9A5F-BE330537CBE4}.Release|Any CPU.ActiveCfg = Release|Any CPU
		{257699AE-7544-4404-9A5F-BE330537CBE4}.Release|Any CPU.Build.0 = Release|Any CPU
	EndGlobalSection
	GlobalSection(SolutionProperties) = preSolution
		HideSolutionNode = FALSE
	EndGlobalSection
EndGlobal
